// !$*UTF8*$!
{
	archiveVersion = 1;
	classes = {
	};
	objectVersion = 46;
	objects = {

/* Begin PBXBuildFile section */
		00E356F31AD99517003FC87E /* CrypterestTests.m in Sources */ = {isa = PBXBuildFile; fileRef = 00E356F21AD99517003FC87E /* CrypterestTests.m */; };
		13B07FBC1A68108700A75B9A /* AppDelegate.m in Sources */ = {isa = PBXBuildFile; fileRef = 13B07FB01A68108700A75B9A /* AppDelegate.m */; };
		13B07FBD1A68108700A75B9A /* LaunchScreen.xib in Resources */ = {isa = PBXBuildFile; fileRef = 13B07FB11A68108700A75B9A /* LaunchScreen.xib */; };
		13B07FBF1A68108700A75B9A /* Images.xcassets in Resources */ = {isa = PBXBuildFile; fileRef = 13B07FB51A68108700A75B9A /* Images.xcassets */; };
		13B07FC11A68108700A75B9A /* main.m in Sources */ = {isa = PBXBuildFile; fileRef = 13B07FB71A68108700A75B9A /* main.m */; };
		3305BCA322B2696B0010C8BD /* Arimo-Regular.ttf in Resources */ = {isa = PBXBuildFile; fileRef = 3305BC7422B2696B0010C8BD /* Arimo-Regular.ttf */; };
		3305BCA422B2696B0010C8BD /* Arimo-Bold.ttf in Resources */ = {isa = PBXBuildFile; fileRef = 3305BCA222B2696B0010C8BD /* Arimo-Bold.ttf */; };
		33112DFD22C0EF3B004CD15B /* JavaScriptCore.framework in Frameworks */ = {isa = PBXBuildFile; fileRef = 33892D6F22BB2CC200D9F8F4 /* JavaScriptCore.framework */; };
		33489E8022BB25110011677D /* Default-568h@2x.png in Resources */ = {isa = PBXBuildFile; fileRef = 33489E7F22BB25110011677D /* Default-568h@2x.png */; };
		335A08222348B419003DC8EC /* RCTBridgeModule.h in Sources */ = {isa = PBXBuildFile; fileRef = 33ABA60023486E6300B36305 /* RCTBridgeModule.h */; };
		335DD944234A127C0005C300 /* libswiftObjectiveC.tbd in Frameworks */ = {isa = PBXBuildFile; fileRef = 335DD93B234A127C0005C300 /* libswiftObjectiveC.tbd */; };
		338A9CA5239A7A27002F77F9 /* Fonts in Resources */ = {isa = PBXBuildFile; fileRef = 338A9CA4239A7A27002F77F9 /* Fonts */; };
		339DF84F22C04DF300098626 /* FirebaseCoreDiagnostics.framework in Frameworks */ = {isa = PBXBuildFile; fileRef = 339DF84C22C04DF300098626 /* FirebaseCoreDiagnostics.framework */; };
		339DF85022C04DF300098626 /* FirebaseAnalytics.framework in Frameworks */ = {isa = PBXBuildFile; fileRef = 339DF84D22C04DF300098626 /* FirebaseAnalytics.framework */; };
		339DF85122C04DF300098626 /* FIRAnalyticsConnector.framework in Frameworks */ = {isa = PBXBuildFile; fileRef = 339DF84E22C04DF300098626 /* FIRAnalyticsConnector.framework */; };
		339DF85322C04E0B00098626 /* GoogleAppMeasurement.framework in Frameworks */ = {isa = PBXBuildFile; fileRef = 339DF85222C04E0A00098626 /* GoogleAppMeasurement.framework */; };
		33A27D6422BF5DF200BECF88 /* GoogleService-Info.plist in Resources */ = {isa = PBXBuildFile; fileRef = 33A27D6322BF5DF100BECF88 /* GoogleService-Info.plist */; };
		33ABA5742347A56900B36305 /* RCTDefines.h in Frameworks */ = {isa = PBXBuildFile; fileRef = 33ABA5732347A56900B36305 /* RCTDefines.h */; };
		33ABA5DB2348621800B36305 /* libYoga.a in Frameworks */ = {isa = PBXBuildFile; fileRef = 33ABA5DA2348621800B36305 /* libYoga.a */; };
		33ABA5DD2348623600B36305 /* libFirebaseCore.a in Frameworks */ = {isa = PBXBuildFile; fileRef = 33ABA5DC2348623600B36305 /* libFirebaseCore.a */; };
		33ABA5DF2348625000B36305 /* libGoogleUtilities.a in Frameworks */ = {isa = PBXBuildFile; fileRef = 33ABA5DE2348625000B36305 /* libGoogleUtilities.a */; };
		33ABA5E12348625700B36305 /* libFirebaseInstanceID.a in Frameworks */ = {isa = PBXBuildFile; fileRef = 33ABA5E02348625700B36305 /* libFirebaseInstanceID.a */; };
		33ABA5E32348625700B36305 /* libFirebaseMessaging.a in Frameworks */ = {isa = PBXBuildFile; fileRef = 33ABA5E22348625700B36305 /* libFirebaseMessaging.a */; };
		33ABA5E72348626800B36305 /* libnanopb.a in Frameworks */ = {isa = PBXBuildFile; fileRef = 33ABA5E62348626800B36305 /* libnanopb.a */; };
		33ABA5E92348628A00B36305 /* libProtobuf.a in Frameworks */ = {isa = PBXBuildFile; fileRef = 33ABA5E82348628A00B36305 /* libProtobuf.a */; };
		33ABA5EB2348632200B36305 /* libreact-native-randombytes.a in Frameworks */ = {isa = PBXBuildFile; fileRef = 33ABA5EA2348632200B36305 /* libreact-native-randombytes.a */; };
		33ABA60223486E7100B36305 /* RCTEventDispatcher.h in Sources */ = {isa = PBXBuildFile; fileRef = 33ABA5682347A4F900B36305 /* RCTEventDispatcher.h */; };
		33DCF64F23517B3F00342D08 /* FixLibswiftCoreErrorFile.swift in Sources */ = {isa = PBXBuildFile; fileRef = 33DCF64E23517B3F00342D08 /* FixLibswiftCoreErrorFile.swift */; };
		996A1A84B467C00DC2109DCD /* libPods-Crypterest.a in Frameworks */ = {isa = PBXBuildFile; fileRef = 1A16320BCBA88E5683EEEF37 /* libPods-Crypterest.a */; };
		CE311FCDE00DDA27F1BB770E /* libPods-CrypterestTests.a in Frameworks */ = {isa = PBXBuildFile; fileRef = EA3761CCF99160E39130C6A8 /* libPods-CrypterestTests.a */; };
/* End PBXBuildFile section */

/* Begin PBXContainerItemProxy section */
		00E356F41AD99517003FC87E /* PBXContainerItemProxy */ = {
			isa = PBXContainerItemProxy;
			containerPortal = 83CBB9F71A601CBA00E9B192 /* Project object */;
			proxyType = 1;
			remoteGlobalIDString = 13B07F861A680F5B00A75B9A;
			remoteInfo = Crypterest;
		};
/* End PBXContainerItemProxy section */

/* Begin PBXFileReference section */
		00690E8E88184FBF98F70AE9 /* Zocial.ttf */ = {isa = PBXFileReference; explicitFileType = undefined; fileEncoding = 9; includeInIndex = 0; lastKnownFileType = unknown; name = Zocial.ttf; path = "../node_modules/react-native-vector-icons/Fonts/Zocial.ttf"; sourceTree = "<group>"; };
		00E356EE1AD99517003FC87E /* CrypterestTests.xctest */ = {isa = PBXFileReference; explicitFileType = wrapper.cfbundle; includeInIndex = 0; path = CrypterestTests.xctest; sourceTree = BUILT_PRODUCTS_DIR; };
		00E356F11AD99517003FC87E /* Info.plist */ = {isa = PBXFileReference; lastKnownFileType = text.plist.xml; path = Info.plist; sourceTree = "<group>"; };
		00E356F21AD99517003FC87E /* CrypterestTests.m */ = {isa = PBXFileReference; lastKnownFileType = sourcecode.c.objc; path = CrypterestTests.m; sourceTree = "<group>"; };
		08A4CCF072624933BCEC7820 /* Feather.ttf */ = {isa = PBXFileReference; explicitFileType = undefined; fileEncoding = 9; includeInIndex = 0; lastKnownFileType = unknown; name = Feather.ttf; path = "../node_modules/react-native-vector-icons/Fonts/Feather.ttf"; sourceTree = "<group>"; };
		13B07F961A680F5B00A75B9A /* Crypterest.app */ = {isa = PBXFileReference; explicitFileType = wrapper.application; includeInIndex = 0; path = Crypterest.app; sourceTree = BUILT_PRODUCTS_DIR; };
		13B07FAF1A68108700A75B9A /* AppDelegate.h */ = {isa = PBXFileReference; fileEncoding = 4; lastKnownFileType = sourcecode.c.h; name = AppDelegate.h; path = Crypterest/AppDelegate.h; sourceTree = "<group>"; };
		13B07FB01A68108700A75B9A /* AppDelegate.m */ = {isa = PBXFileReference; fileEncoding = 4; lastKnownFileType = sourcecode.c.objc; name = AppDelegate.m; path = Crypterest/AppDelegate.m; sourceTree = "<group>"; };
		13B07FB21A68108700A75B9A /* Base */ = {isa = PBXFileReference; lastKnownFileType = file.xib; name = Base; path = Base.lproj/LaunchScreen.xib; sourceTree = "<group>"; };
		13B07FB51A68108700A75B9A /* Images.xcassets */ = {isa = PBXFileReference; lastKnownFileType = folder.assetcatalog; name = Images.xcassets; path = Crypterest/Images.xcassets; sourceTree = "<group>"; };
		13B07FB61A68108700A75B9A /* Info.plist */ = {isa = PBXFileReference; fileEncoding = 4; lastKnownFileType = text.plist.xml; name = Info.plist; path = Crypterest/Info.plist; sourceTree = "<group>"; };
		13B07FB71A68108700A75B9A /* main.m */ = {isa = PBXFileReference; fileEncoding = 4; lastKnownFileType = sourcecode.c.objc; name = main.m; path = Crypterest/main.m; sourceTree = "<group>"; };
		1878C5A942254020A5A4C251 /* Foundation.ttf */ = {isa = PBXFileReference; explicitFileType = undefined; fileEncoding = 9; includeInIndex = 0; lastKnownFileType = unknown; name = Foundation.ttf; path = "../node_modules/react-native-vector-icons/Fonts/Foundation.ttf"; sourceTree = "<group>"; };
		1A16320BCBA88E5683EEEF37 /* libPods-Crypterest.a */ = {isa = PBXFileReference; explicitFileType = archive.ar; includeInIndex = 0; path = "libPods-Crypterest.a"; sourceTree = BUILT_PRODUCTS_DIR; };
		22F286D6A5A7C07761E21A95 /* Pods-CrypterestTests.debug.xcconfig */ = {isa = PBXFileReference; includeInIndex = 1; lastKnownFileType = text.xcconfig; name = "Pods-CrypterestTests.debug.xcconfig"; path = "Target Support Files/Pods-CrypterestTests/Pods-CrypterestTests.debug.xcconfig"; sourceTree = "<group>"; };
		3305BC7422B2696B0010C8BD /* Arimo-Regular.ttf */ = {isa = PBXFileReference; lastKnownFileType = file; name = "Arimo-Regular.ttf"; path = "Fonts/Arimo-Regular.ttf"; sourceTree = "<group>"; };
		3305BCA222B2696B0010C8BD /* Arimo-Bold.ttf */ = {isa = PBXFileReference; lastKnownFileType = file; name = "Arimo-Bold.ttf"; path = "Fonts/Arimo-Bold.ttf"; sourceTree = "<group>"; };
		33489E7F22BB25110011677D /* Default-568h@2x.png */ = {isa = PBXFileReference; lastKnownFileType = image.png; path = "Default-568h@2x.png"; sourceTree = "<group>"; };
		3354232523247A2F009356D6 /* FirebaseCore.framework */ = {isa = PBXFileReference; explicitFileType = wrapper.framework; path = FirebaseCore.framework; sourceTree = BUILT_PRODUCTS_DIR; };
		335DD93B234A127C0005C300 /* libswiftObjectiveC.tbd */ = {isa = PBXFileReference; lastKnownFileType = "sourcecode.text-based-dylib-definition"; name = libswiftObjectiveC.tbd; path = usr/lib/swift/libswiftObjectiveC.tbd; sourceTree = SDKROOT; };
		33866E2B235D5AEC0020579B /* libReact-Core.a */ = {isa = PBXFileReference; explicitFileType = archive.ar; path = "libReact-Core.a"; sourceTree = BUILT_PRODUCTS_DIR; };
		33866E2D235D5B900020579B /* libReact-CoreModules.a */ = {isa = PBXFileReference; explicitFileType = archive.ar; path = "libReact-CoreModules.a"; sourceTree = BUILT_PRODUCTS_DIR; };
		33866E2F235D5BAB0020579B /* libReact-cxxreact.a */ = {isa = PBXFileReference; explicitFileType = archive.ar; path = "libReact-cxxreact.a"; sourceTree = BUILT_PRODUCTS_DIR; };
		33892D6F22BB2CC200D9F8F4 /* JavaScriptCore.framework */ = {isa = PBXFileReference; lastKnownFileType = wrapper.framework; name = JavaScriptCore.framework; path = System/Library/Frameworks/JavaScriptCore.framework; sourceTree = SDKROOT; };
		33892D7022BB2D0C00D9F8F4 /* FirebaseMessaging.framework */ = {isa = PBXFileReference; lastKnownFileType = wrapper.framework; name = FirebaseMessaging.framework; path = Firebase/Messaging/FirebaseMessaging.framework; sourceTree = SOURCE_ROOT; };
		33892D7122BB2D0C00D9F8F4 /* Protobuf.framework */ = {isa = PBXFileReference; lastKnownFileType = wrapper.framework; name = Protobuf.framework; path = Firebase/Messaging/Protobuf.framework; sourceTree = SOURCE_ROOT; };
		33892D7622BB2D1A00D9F8F4 /* nanopb.framework */ = {isa = PBXFileReference; lastKnownFileType = wrapper.framework; name = nanopb.framework; path = Firebase/Analytics/nanopb.framework; sourceTree = SOURCE_ROOT; };
		33892D7822BB2D1A00D9F8F4 /* FirebaseInstanceID.framework */ = {isa = PBXFileReference; lastKnownFileType = wrapper.framework; name = FirebaseInstanceID.framework; path = Firebase/Analytics/FirebaseInstanceID.framework; sourceTree = SOURCE_ROOT; };
		338A9CA4239A7A27002F77F9 /* Fonts */ = {isa = PBXFileReference; lastKnownFileType = folder; path = Fonts; sourceTree = "<group>"; };
		339DF84C22C04DF300098626 /* FirebaseCoreDiagnostics.framework */ = {isa = PBXFileReference; lastKnownFileType = wrapper.framework; name = FirebaseCoreDiagnostics.framework; path = Pods/FirebaseAnalytics/Frameworks/FirebaseCoreDiagnostics.framework; sourceTree = SOURCE_ROOT; };
		339DF84D22C04DF300098626 /* FirebaseAnalytics.framework */ = {isa = PBXFileReference; lastKnownFileType = wrapper.framework; name = FirebaseAnalytics.framework; path = Pods/FirebaseAnalytics/Frameworks/FirebaseAnalytics.framework; sourceTree = SOURCE_ROOT; };
		339DF84E22C04DF300098626 /* FIRAnalyticsConnector.framework */ = {isa = PBXFileReference; lastKnownFileType = wrapper.framework; name = FIRAnalyticsConnector.framework; path = Pods/FirebaseAnalytics/Frameworks/FIRAnalyticsConnector.framework; sourceTree = SOURCE_ROOT; };
		339DF85222C04E0A00098626 /* GoogleAppMeasurement.framework */ = {isa = PBXFileReference; lastKnownFileType = wrapper.framework; name = GoogleAppMeasurement.framework; path = Pods/GoogleAppMeasurement/Frameworks/GoogleAppMeasurement.framework; sourceTree = SOURCE_ROOT; };
		33A27D2422BF589500BECF88 /* Crypterest.entitlements */ = {isa = PBXFileReference; lastKnownFileType = text.plist.entitlements; name = Crypterest.entitlements; path = Crypterest/Crypterest.entitlements; sourceTree = "<group>"; };
		33A27D6322BF5DF100BECF88 /* GoogleService-Info.plist */ = {isa = PBXFileReference; fileEncoding = 4; lastKnownFileType = text.plist.xml; path = "GoogleService-Info.plist"; sourceTree = "<group>"; };
		33ABA5152347532F00B36305 /* yoga.framework */ = {isa = PBXFileReference; explicitFileType = wrapper.framework; path = yoga.framework; sourceTree = BUILT_PRODUCTS_DIR; };
		33ABA5682347A4F900B36305 /* RCTEventDispatcher.h */ = {isa = PBXFileReference; lastKnownFileType = sourcecode.c.h; name = RCTEventDispatcher.h; path = "build/Crypterest/Build/Products/Debug-iphonesimulator/include/React/RCTEventDispatcher.h"; sourceTree = SOURCE_ROOT; };
		33ABA5732347A56900B36305 /* RCTDefines.h */ = {isa = PBXFileReference; lastKnownFileType = sourcecode.c.h; name = RCTDefines.h; path = "build/Crypterest/Build/Products/Debug-iphonesimulator/include/React/RCTDefines.h"; sourceTree = SOURCE_ROOT; };
		33ABA5DA2348621800B36305 /* libYoga.a */ = {isa = PBXFileReference; explicitFileType = archive.ar; path = libYoga.a; sourceTree = BUILT_PRODUCTS_DIR; };
		33ABA5DC2348623600B36305 /* libFirebaseCore.a */ = {isa = PBXFileReference; explicitFileType = archive.ar; path = libFirebaseCore.a; sourceTree = BUILT_PRODUCTS_DIR; };
		33ABA5DE2348625000B36305 /* libGoogleUtilities.a */ = {isa = PBXFileReference; explicitFileType = archive.ar; path = libGoogleUtilities.a; sourceTree = BUILT_PRODUCTS_DIR; };
		33ABA5E02348625700B36305 /* libFirebaseInstanceID.a */ = {isa = PBXFileReference; explicitFileType = archive.ar; path = libFirebaseInstanceID.a; sourceTree = BUILT_PRODUCTS_DIR; };
		33ABA5E22348625700B36305 /* libFirebaseMessaging.a */ = {isa = PBXFileReference; explicitFileType = archive.ar; path = libFirebaseMessaging.a; sourceTree = BUILT_PRODUCTS_DIR; };
		33ABA5E62348626800B36305 /* libnanopb.a */ = {isa = PBXFileReference; explicitFileType = archive.ar; path = libnanopb.a; sourceTree = BUILT_PRODUCTS_DIR; };
		33ABA5E82348628A00B36305 /* libProtobuf.a */ = {isa = PBXFileReference; explicitFileType = archive.ar; path = libProtobuf.a; sourceTree = BUILT_PRODUCTS_DIR; };
		33ABA5EA2348632200B36305 /* libreact-native-randombytes.a */ = {isa = PBXFileReference; explicitFileType = archive.ar; path = "libreact-native-randombytes.a"; sourceTree = BUILT_PRODUCTS_DIR; };
		33ABA60023486E6300B36305 /* RCTBridgeModule.h */ = {isa = PBXFileReference; lastKnownFileType = sourcecode.c.h; name = RCTBridgeModule.h; path = "build/Crypterest/Build/Products/Debug-iphonesimulator/include/React/RCTBridgeModule.h"; sourceTree = "<group>"; };
		33C2AF3A23600EB400325664 /* libReact-Core.a */ = {isa = PBXFileReference; explicitFileType = archive.ar; path = "libReact-Core.a"; sourceTree = BUILT_PRODUCTS_DIR; };
		33DCF64D23517B3E00342D08 /* Crypterest-Bridging-Header.h */ = {isa = PBXFileReference; lastKnownFileType = sourcecode.c.h; path = "Crypterest-Bridging-Header.h"; sourceTree = "<group>"; };
		33DCF64E23517B3F00342D08 /* FixLibswiftCoreErrorFile.swift */ = {isa = PBXFileReference; lastKnownFileType = sourcecode.swift; path = FixLibswiftCoreErrorFile.swift; sourceTree = "<group>"; };
		33F896E122C1C8E800679DD3 /* Protobuf.framework */ = {isa = PBXFileReference; explicitFileType = wrapper.framework; path = Protobuf.framework; sourceTree = BUILT_PRODUCTS_DIR; };
		33F896E322C1C8ED00679DD3 /* GoogleUtilities.framework */ = {isa = PBXFileReference; explicitFileType = wrapper.framework; path = GoogleUtilities.framework; sourceTree = BUILT_PRODUCTS_DIR; };
		3AF916AC322542DCAE3CC350 /* Octicons.ttf */ = {isa = PBXFileReference; explicitFileType = undefined; fileEncoding = 9; includeInIndex = 0; lastKnownFileType = unknown; name = Octicons.ttf; path = "../node_modules/react-native-vector-icons/Fonts/Octicons.ttf"; sourceTree = "<group>"; };
		48066EBE20A543EDBFFBB4D4 /* FontAwesome5_Solid.ttf */ = {isa = PBXFileReference; explicitFileType = undefined; fileEncoding = 9; includeInIndex = 0; lastKnownFileType = unknown; name = FontAwesome5_Solid.ttf; path = "../node_modules/react-native-vector-icons/Fonts/FontAwesome5_Solid.ttf"; sourceTree = "<group>"; };
		4A479452043A869742C8B5F2 /* Pods-CrypterestTests.release.xcconfig */ = {isa = PBXFileReference; includeInIndex = 1; lastKnownFileType = text.xcconfig; name = "Pods-CrypterestTests.release.xcconfig"; path = "Target Support Files/Pods-CrypterestTests/Pods-CrypterestTests.release.xcconfig"; sourceTree = "<group>"; };
		5065E9C717284CBCBE41BFD4 /* Ionicons.ttf */ = {isa = PBXFileReference; explicitFileType = undefined; fileEncoding = 9; includeInIndex = 0; lastKnownFileType = unknown; name = Ionicons.ttf; path = "../node_modules/react-native-vector-icons/Fonts/Ionicons.ttf"; sourceTree = "<group>"; };
		999978FB67E04CA9B071564B /* FontAwesome5_Regular.ttf */ = {isa = PBXFileReference; explicitFileType = undefined; fileEncoding = 9; includeInIndex = 0; lastKnownFileType = unknown; name = FontAwesome5_Regular.ttf; path = "../node_modules/react-native-vector-icons/Fonts/FontAwesome5_Regular.ttf"; sourceTree = "<group>"; };
		9BE7391C6D33474AA1552A69 /* FontAwesome5_Brands.ttf */ = {isa = PBXFileReference; explicitFileType = undefined; fileEncoding = 9; includeInIndex = 0; lastKnownFileType = unknown; name = FontAwesome5_Brands.ttf; path = "../node_modules/react-native-vector-icons/Fonts/FontAwesome5_Brands.ttf"; sourceTree = "<group>"; };
		AA6E5484C6714C5F8CD08B88 /* EvilIcons.ttf */ = {isa = PBXFileReference; explicitFileType = undefined; fileEncoding = 9; includeInIndex = 0; lastKnownFileType = unknown; name = EvilIcons.ttf; path = "../node_modules/react-native-vector-icons/Fonts/EvilIcons.ttf"; sourceTree = "<group>"; };
		AC91071D060549EF95D41B7D /* MaterialIcons.ttf */ = {isa = PBXFileReference; explicitFileType = undefined; fileEncoding = 9; includeInIndex = 0; lastKnownFileType = unknown; name = MaterialIcons.ttf; path = "../node_modules/react-native-vector-icons/Fonts/MaterialIcons.ttf"; sourceTree = "<group>"; };
		ADF84974C28349248756C641 /* SimpleLineIcons.ttf */ = {isa = PBXFileReference; explicitFileType = undefined; fileEncoding = 9; includeInIndex = 0; lastKnownFileType = unknown; name = SimpleLineIcons.ttf; path = "../node_modules/react-native-vector-icons/Fonts/SimpleLineIcons.ttf"; sourceTree = "<group>"; };
		C1E3C7D5E3BA439E9BC9405E /* Fontisto.ttf */ = {isa = PBXFileReference; explicitFileType = undefined; fileEncoding = 9; includeInIndex = 0; lastKnownFileType = unknown; name = Fontisto.ttf; path = "../node_modules/react-native-vector-icons/Fonts/Fontisto.ttf"; sourceTree = "<group>"; };
		CA02A617D8EE47589FA84B2D /* Entypo.ttf */ = {isa = PBXFileReference; explicitFileType = undefined; fileEncoding = 9; includeInIndex = 0; lastKnownFileType = unknown; name = Entypo.ttf; path = "../node_modules/react-native-vector-icons/Fonts/Entypo.ttf"; sourceTree = "<group>"; };
		CB08ED280647D8A9594D6B5E /* Pods-Crypterest.debug.xcconfig */ = {isa = PBXFileReference; includeInIndex = 1; lastKnownFileType = text.xcconfig; name = "Pods-Crypterest.debug.xcconfig"; path = "Target Support Files/Pods-Crypterest/Pods-Crypterest.debug.xcconfig"; sourceTree = "<group>"; };
		CB794A4DCB385A808FAA3926 /* Pods-Crypterest.release.xcconfig */ = {isa = PBXFileReference; includeInIndex = 1; lastKnownFileType = text.xcconfig; name = "Pods-Crypterest.release.xcconfig"; path = "Target Support Files/Pods-Crypterest/Pods-Crypterest.release.xcconfig"; sourceTree = "<group>"; };
		D1956C8D0FD64ADA8FBE507E /* MaterialCommunityIcons.ttf */ = {isa = PBXFileReference; explicitFileType = undefined; fileEncoding = 9; includeInIndex = 0; lastKnownFileType = unknown; name = MaterialCommunityIcons.ttf; path = "../node_modules/react-native-vector-icons/Fonts/MaterialCommunityIcons.ttf"; sourceTree = "<group>"; };
		D31D719D880E4E78A24A31D4 /* AntDesign.ttf */ = {isa = PBXFileReference; explicitFileType = undefined; fileEncoding = 9; includeInIndex = 0; lastKnownFileType = unknown; name = AntDesign.ttf; path = "../node_modules/react-native-vector-icons/Fonts/AntDesign.ttf"; sourceTree = "<group>"; };
		E85A743437C5455CAC37321B /* FontAwesome.ttf */ = {isa = PBXFileReference; explicitFileType = undefined; fileEncoding = 9; includeInIndex = 0; lastKnownFileType = unknown; name = FontAwesome.ttf; path = "../node_modules/react-native-vector-icons/Fonts/FontAwesome.ttf"; sourceTree = "<group>"; };
		EA3761CCF99160E39130C6A8 /* libPods-CrypterestTests.a */ = {isa = PBXFileReference; explicitFileType = archive.ar; includeInIndex = 0; path = "libPods-CrypterestTests.a"; sourceTree = BUILT_PRODUCTS_DIR; };
/* End PBXFileReference section */

/* Begin PBXFrameworksBuildPhase section */
		00E356EB1AD99517003FC87E /* Frameworks */ = {
			isa = PBXFrameworksBuildPhase;
			buildActionMask = 2147483647;
			files = (
				CE311FCDE00DDA27F1BB770E /* libPods-CrypterestTests.a in Frameworks */,
			);
			runOnlyForDeploymentPostprocessing = 0;
		};
		13B07F8C1A680F5B00A75B9A /* Frameworks */ = {
			isa = PBXFrameworksBuildPhase;
			buildActionMask = 2147483647;
			files = (
				335DD944234A127C0005C300 /* libswiftObjectiveC.tbd in Frameworks */,
				33ABA5EB2348632200B36305 /* libreact-native-randombytes.a in Frameworks */,
				33ABA5E92348628A00B36305 /* libProtobuf.a in Frameworks */,
				33ABA5E72348626800B36305 /* libnanopb.a in Frameworks */,
				33ABA5E12348625700B36305 /* libFirebaseInstanceID.a in Frameworks */,
				33ABA5E32348625700B36305 /* libFirebaseMessaging.a in Frameworks */,
				33ABA5DF2348625000B36305 /* libGoogleUtilities.a in Frameworks */,
				33ABA5DD2348623600B36305 /* libFirebaseCore.a in Frameworks */,
				33ABA5DB2348621800B36305 /* libYoga.a in Frameworks */,
				33ABA5742347A56900B36305 /* RCTDefines.h in Frameworks */,
				33112DFD22C0EF3B004CD15B /* JavaScriptCore.framework in Frameworks */,
				339DF85322C04E0B00098626 /* GoogleAppMeasurement.framework in Frameworks */,
				339DF84F22C04DF300098626 /* FirebaseCoreDiagnostics.framework in Frameworks */,
				339DF85022C04DF300098626 /* FirebaseAnalytics.framework in Frameworks */,
				339DF85122C04DF300098626 /* FIRAnalyticsConnector.framework in Frameworks */,
				996A1A84B467C00DC2109DCD /* libPods-Crypterest.a in Frameworks */,
			);
			runOnlyForDeploymentPostprocessing = 0;
		};
/* End PBXFrameworksBuildPhase section */

/* Begin PBXGroup section */
		00E356EF1AD99517003FC87E /* CrypterestTests */ = {
			isa = PBXGroup;
			children = (
				00E356F21AD99517003FC87E /* CrypterestTests.m */,
				00E356F01AD99517003FC87E /* Supporting Files */,
			);
			path = CrypterestTests;
			sourceTree = "<group>";
		};
		00E356F01AD99517003FC87E /* Supporting Files */ = {
			isa = PBXGroup;
			children = (
				00E356F11AD99517003FC87E /* Info.plist */,
			);
			name = "Supporting Files";
			sourceTree = "<group>";
		};
		13B07FAE1A68108700A75B9A /* Crypterest */ = {
			isa = PBXGroup;
			children = (
				33A27D2422BF589500BECF88 /* Crypterest.entitlements */,
				13B07FAF1A68108700A75B9A /* AppDelegate.h */,
				13B07FB01A68108700A75B9A /* AppDelegate.m */,
				13B07FB51A68108700A75B9A /* Images.xcassets */,
				13B07FB61A68108700A75B9A /* Info.plist */,
				13B07FB11A68108700A75B9A /* LaunchScreen.xib */,
				13B07FB71A68108700A75B9A /* main.m */,
			);
			name = Crypterest;
			sourceTree = "<group>";
		};
		152DB9540EA6A54A51C1526F /* Pods */ = {
			isa = PBXGroup;
			children = (
				CB08ED280647D8A9594D6B5E /* Pods-Crypterest.debug.xcconfig */,
				CB794A4DCB385A808FAA3926 /* Pods-Crypterest.release.xcconfig */,
				22F286D6A5A7C07761E21A95 /* Pods-CrypterestTests.debug.xcconfig */,
				4A479452043A869742C8B5F2 /* Pods-CrypterestTests.release.xcconfig */,
			);
			path = Pods;
			sourceTree = "<group>";
		};
		33892D6E22BB2CBA00D9F8F4 /* Frameworks */ = {
			isa = PBXGroup;
			children = (
				33C2AF3A23600EB400325664 /* libReact-Core.a */,
				33866E2F235D5BAB0020579B /* libReact-cxxreact.a */,
				33866E2D235D5B900020579B /* libReact-CoreModules.a */,
				33866E2B235D5AEC0020579B /* libReact-Core.a */,
				335DD93B234A127C0005C300 /* libswiftObjectiveC.tbd */,
				33ABA5EA2348632200B36305 /* libreact-native-randombytes.a */,
				33ABA5E82348628A00B36305 /* libProtobuf.a */,
				33ABA5E62348626800B36305 /* libnanopb.a */,
				33ABA5E02348625700B36305 /* libFirebaseInstanceID.a */,
				33ABA5E22348625700B36305 /* libFirebaseMessaging.a */,
				33ABA5DE2348625000B36305 /* libGoogleUtilities.a */,
				33ABA5DC2348623600B36305 /* libFirebaseCore.a */,
				33ABA5DA2348621800B36305 /* libYoga.a */,
				33ABA5732347A56900B36305 /* RCTDefines.h */,
				33ABA5682347A4F900B36305 /* RCTEventDispatcher.h */,
				33ABA5152347532F00B36305 /* yoga.framework */,
				3354232523247A2F009356D6 /* FirebaseCore.framework */,
				33F896E322C1C8ED00679DD3 /* GoogleUtilities.framework */,
				33F896E122C1C8E800679DD3 /* Protobuf.framework */,
				339DF85222C04E0A00098626 /* GoogleAppMeasurement.framework */,
				339DF84E22C04DF300098626 /* FIRAnalyticsConnector.framework */,
				339DF84D22C04DF300098626 /* FirebaseAnalytics.framework */,
				339DF84C22C04DF300098626 /* FirebaseCoreDiagnostics.framework */,
				33892D7822BB2D1A00D9F8F4 /* FirebaseInstanceID.framework */,
				33892D7622BB2D1A00D9F8F4 /* nanopb.framework */,
				33892D7022BB2D0C00D9F8F4 /* FirebaseMessaging.framework */,
				33892D7122BB2D0C00D9F8F4 /* Protobuf.framework */,
				33892D6F22BB2CC200D9F8F4 /* JavaScriptCore.framework */,
				1A16320BCBA88E5683EEEF37 /* libPods-Crypterest.a */,
				EA3761CCF99160E39130C6A8 /* libPods-CrypterestTests.a */,
			);
			path = Frameworks;
			sourceTree = SOURCE_ROOT;
		};
		33C13A7B228A4FB300381580 /* Recovered References */ = {
			isa = PBXGroup;
			children = (
			);
			name = "Recovered References";
			sourceTree = "<group>";
		};
		832341AE1AAA6A7D00B99B32 /* Libraries */ = {
			isa = PBXGroup;
			children = (
			);
			name = Libraries;
			sourceTree = "<group>";
		};
		83CBB9F61A601CBA00E9B192 = {
			isa = PBXGroup;
			children = (
				338A9CA4239A7A27002F77F9 /* Fonts */,
				33DCF64E23517B3F00342D08 /* FixLibswiftCoreErrorFile.swift */,
				33ABA60023486E6300B36305 /* RCTBridgeModule.h */,
				33A27D6322BF5DF100BECF88 /* GoogleService-Info.plist */,
				33489E7F22BB25110011677D /* Default-568h@2x.png */,
				13B07FAE1A68108700A75B9A /* Crypterest */,
				832341AE1AAA6A7D00B99B32 /* Libraries */,
				00E356EF1AD99517003FC87E /* CrypterestTests */,
				83CBBA001A601CBA00E9B192 /* Products */,
				DDAA7911C21B4452B1A95637 /* Resources */,
				33892D6E22BB2CBA00D9F8F4 /* Frameworks */,
				33C13A7B228A4FB300381580 /* Recovered References */,
				152DB9540EA6A54A51C1526F /* Pods */,
				33DCF64D23517B3E00342D08 /* Crypterest-Bridging-Header.h */,
			);
			indentWidth = 2;
			sourceTree = "<group>";
			tabWidth = 2;
			usesTabs = 0;
		};
		83CBBA001A601CBA00E9B192 /* Products */ = {
			isa = PBXGroup;
			children = (
				13B07F961A680F5B00A75B9A /* Crypterest.app */,
				00E356EE1AD99517003FC87E /* CrypterestTests.xctest */,
			);
			name = Products;
			sourceTree = "<group>";
		};
		DDAA7911C21B4452B1A95637 /* Resources */ = {
			isa = PBXGroup;
			children = (
				3305BC7422B2696B0010C8BD /* Arimo-Regular.ttf */,
				3305BCA222B2696B0010C8BD /* Arimo-Bold.ttf */,
				D31D719D880E4E78A24A31D4 /* AntDesign.ttf */,
				CA02A617D8EE47589FA84B2D /* Entypo.ttf */,
				AA6E5484C6714C5F8CD08B88 /* EvilIcons.ttf */,
				08A4CCF072624933BCEC7820 /* Feather.ttf */,
				E85A743437C5455CAC37321B /* FontAwesome.ttf */,
				9BE7391C6D33474AA1552A69 /* FontAwesome5_Brands.ttf */,
				999978FB67E04CA9B071564B /* FontAwesome5_Regular.ttf */,
				48066EBE20A543EDBFFBB4D4 /* FontAwesome5_Solid.ttf */,
				1878C5A942254020A5A4C251 /* Foundation.ttf */,
				5065E9C717284CBCBE41BFD4 /* Ionicons.ttf */,
				D1956C8D0FD64ADA8FBE507E /* MaterialCommunityIcons.ttf */,
				AC91071D060549EF95D41B7D /* MaterialIcons.ttf */,
				3AF916AC322542DCAE3CC350 /* Octicons.ttf */,
				ADF84974C28349248756C641 /* SimpleLineIcons.ttf */,
				00690E8E88184FBF98F70AE9 /* Zocial.ttf */,
				C1E3C7D5E3BA439E9BC9405E /* Fontisto.ttf */,
			);
			name = Resources;
			sourceTree = "<group>";
		};
/* End PBXGroup section */

/* Begin PBXNativeTarget section */
		00E356ED1AD99517003FC87E /* CrypterestTests */ = {
			isa = PBXNativeTarget;
			buildConfigurationList = 00E357021AD99517003FC87E /* Build configuration list for PBXNativeTarget "CrypterestTests" */;
			buildPhases = (
				58B57E0BF634F42E0AD12785 /* [CP] Check Pods Manifest.lock */,
				00E356EA1AD99517003FC87E /* Sources */,
				00E356EB1AD99517003FC87E /* Frameworks */,
				00E356EC1AD99517003FC87E /* Resources */,
			);
			buildRules = (
			);
			dependencies = (
				00E356F51AD99517003FC87E /* PBXTargetDependency */,
			);
			name = CrypterestTests;
			productName = CrypterestTests;
			productReference = 00E356EE1AD99517003FC87E /* CrypterestTests.xctest */;
			productType = "com.apple.product-type.bundle.unit-test";
		};
		13B07F861A680F5B00A75B9A /* Crypterest */ = {
			isa = PBXNativeTarget;
			buildConfigurationList = 13B07F931A680F5B00A75B9A /* Build configuration list for PBXNativeTarget "Crypterest" */;
			buildPhases = (
				DF579928C35CDBB18C1F1CB3 /* [CP] Check Pods Manifest.lock */,
				13B07F871A680F5B00A75B9A /* Sources */,
				13B07F8C1A680F5B00A75B9A /* Frameworks */,
				13B07F8E1A680F5B00A75B9A /* Resources */,
				00DD1BFF1BD5951E006B06BC /* Bundle React Native code and images */,
				3364BCCF2329E21400EF1052 /* ShellScript */,
				5A1005B481C192A4D2777294 /* [CP] Copy Pods Resources */,
			);
			buildRules = (
			);
			dependencies = (
			);
			name = Crypterest;
			productName = "Hello World";
			productReference = 13B07F961A680F5B00A75B9A /* Crypterest.app */;
			productType = "com.apple.product-type.application";
		};
/* End PBXNativeTarget section */

/* Begin PBXProject section */
		83CBB9F71A601CBA00E9B192 /* Project object */ = {
			isa = PBXProject;
			attributes = {
				LastUpgradeCheck = 940;
				ORGANIZATIONNAME = Facebook;
				TargetAttributes = {
					00E356ED1AD99517003FC87E = {
						CreatedOnToolsVersion = 6.2;
						DevelopmentTeam = UB87ZVZL7R;
						TestTargetID = 13B07F861A680F5B00A75B9A;
					};
					13B07F861A680F5B00A75B9A = {
						LastSwiftMigration = 1100;
						ProvisioningStyle = Manual;
						SystemCapabilities = {
							com.apple.BackgroundModes = {
								enabled = 1;
							};
							com.apple.Push = {
								enabled = 1;
							};
						};
					};
				};
			};
			buildConfigurationList = 83CBB9FA1A601CBA00E9B192 /* Build configuration list for PBXProject "Crypterest" */;
			compatibilityVersion = "Xcode 3.2";
			developmentRegion = English;
			hasScannedForEncodings = 0;
			knownRegions = (
				English,
				en,
				Base,
			);
			mainGroup = 83CBB9F61A601CBA00E9B192;
			productRefGroup = 83CBBA001A601CBA00E9B192 /* Products */;
			projectDirPath = "";
			projectRoot = "";
			targets = (
				13B07F861A680F5B00A75B9A /* Crypterest */,
				00E356ED1AD99517003FC87E /* CrypterestTests */,
			);
		};
/* End PBXProject section */

/* Begin PBXResourcesBuildPhase section */
		00E356EC1AD99517003FC87E /* Resources */ = {
			isa = PBXResourcesBuildPhase;
			buildActionMask = 2147483647;
			files = (
			);
			runOnlyForDeploymentPostprocessing = 0;
		};
		13B07F8E1A680F5B00A75B9A /* Resources */ = {
			isa = PBXResourcesBuildPhase;
			buildActionMask = 2147483647;
			files = (
				13B07FBF1A68108700A75B9A /* Images.xcassets in Resources */,
				3305BCA422B2696B0010C8BD /* Arimo-Bold.ttf in Resources */,
				13B07FBD1A68108700A75B9A /* LaunchScreen.xib in Resources */,
				33489E8022BB25110011677D /* Default-568h@2x.png in Resources */,
				3305BCA322B2696B0010C8BD /* Arimo-Regular.ttf in Resources */,
				338A9CA5239A7A27002F77F9 /* Fonts in Resources */,
				33A27D6422BF5DF200BECF88 /* GoogleService-Info.plist in Resources */,
			);
			runOnlyForDeploymentPostprocessing = 0;
		};
/* End PBXResourcesBuildPhase section */

/* Begin PBXShellScriptBuildPhase section */
		00DD1BFF1BD5951E006B06BC /* Bundle React Native code and images */ = {
			isa = PBXShellScriptBuildPhase;
			buildActionMask = 2147483647;
			files = (
			);
			inputPaths = (
			);
			name = "Bundle React Native code and images";
			outputPaths = (
			);
			runOnlyForDeploymentPostprocessing = 0;
			shellPath = /bin/sh;
			shellScript = "export NODE_BINARY=node\n../node_modules/react-native/scripts/react-native-xcode.sh\n";
		};
		3364BCCF2329E21400EF1052 /* ShellScript */ = {
			isa = PBXShellScriptBuildPhase;
			buildActionMask = 2147483647;
			files = (
			);
			inputFileListPaths = (
			);
			inputPaths = (
				"$(SRCROOT)/$(BUILT_PRODUCTS_DIR)/$(INFOPLIST_PATH)",
			);
			outputFileListPaths = (
			);
			outputPaths = (
			);
			runOnlyForDeploymentPostprocessing = 0;
			shellPath = /bin/sh;
			shellScript = "\"${PODS_ROOT}/Fabric/run\"\n\n";
		};
		58B57E0BF634F42E0AD12785 /* [CP] Check Pods Manifest.lock */ = {
			isa = PBXShellScriptBuildPhase;
			buildActionMask = 2147483647;
			files = (
			);
			inputFileListPaths = (
			);
			inputPaths = (
				"${PODS_PODFILE_DIR_PATH}/Podfile.lock",
				"${PODS_ROOT}/Manifest.lock",
			);
			name = "[CP] Check Pods Manifest.lock";
			outputFileListPaths = (
			);
			outputPaths = (
				"$(DERIVED_FILE_DIR)/Pods-CrypterestTests-checkManifestLockResult.txt",
			);
			runOnlyForDeploymentPostprocessing = 0;
			shellPath = /bin/sh;
			shellScript = "diff \"${PODS_PODFILE_DIR_PATH}/Podfile.lock\" \"${PODS_ROOT}/Manifest.lock\" > /dev/null\nif [ $? != 0 ] ; then\n    # print error to STDERR\n    echo \"error: The sandbox is not in sync with the Podfile.lock. Run 'pod install' or update your CocoaPods installation.\" >&2\n    exit 1\nfi\n# This output is used by Xcode 'outputs' to avoid re-running this script phase.\necho \"SUCCESS\" > \"${SCRIPT_OUTPUT_FILE_0}\"\n";
			showEnvVarsInLog = 0;
		};
		5A1005B481C192A4D2777294 /* [CP] Copy Pods Resources */ = {
			isa = PBXShellScriptBuildPhase;
			buildActionMask = 2147483647;
			files = (
			);
			inputPaths = (
				"${PODS_ROOT}/Target Support Files/Pods-Crypterest/Pods-Crypterest-resources.sh",
				"${PODS_ROOT}/../../node_modules/react-native-vector-icons/Fonts/AntDesign.ttf",
				"${PODS_ROOT}/../../node_modules/react-native-vector-icons/Fonts/Entypo.ttf",
				"${PODS_ROOT}/../../node_modules/react-native-vector-icons/Fonts/EvilIcons.ttf",
				"${PODS_ROOT}/../../node_modules/react-native-vector-icons/Fonts/Feather.ttf",
				"${PODS_ROOT}/../../node_modules/react-native-vector-icons/Fonts/FontAwesome.ttf",
				"${PODS_ROOT}/../../node_modules/react-native-vector-icons/Fonts/FontAwesome5_Brands.ttf",
				"${PODS_ROOT}/../../node_modules/react-native-vector-icons/Fonts/FontAwesome5_Regular.ttf",
				"${PODS_ROOT}/../../node_modules/react-native-vector-icons/Fonts/FontAwesome5_Solid.ttf",
				"${PODS_ROOT}/../../node_modules/react-native-vector-icons/Fonts/Fontisto.ttf",
				"${PODS_ROOT}/../../node_modules/react-native-vector-icons/Fonts/Foundation.ttf",
				"${PODS_ROOT}/../../node_modules/react-native-vector-icons/Fonts/Ionicons.ttf",
				"${PODS_ROOT}/../../node_modules/react-native-vector-icons/Fonts/MaterialCommunityIcons.ttf",
				"${PODS_ROOT}/../../node_modules/react-native-vector-icons/Fonts/MaterialIcons.ttf",
				"${PODS_ROOT}/../../node_modules/react-native-vector-icons/Fonts/Octicons.ttf",
				"${PODS_ROOT}/../../node_modules/react-native-vector-icons/Fonts/SimpleLineIcons.ttf",
				"${PODS_ROOT}/../../node_modules/react-native-vector-icons/Fonts/Zocial.ttf",
			);
			name = "[CP] Copy Pods Resources";
			outputPaths = (
				"${TARGET_BUILD_DIR}/${UNLOCALIZED_RESOURCES_FOLDER_PATH}/AntDesign.ttf",
				"${TARGET_BUILD_DIR}/${UNLOCALIZED_RESOURCES_FOLDER_PATH}/Entypo.ttf",
				"${TARGET_BUILD_DIR}/${UNLOCALIZED_RESOURCES_FOLDER_PATH}/EvilIcons.ttf",
				"${TARGET_BUILD_DIR}/${UNLOCALIZED_RESOURCES_FOLDER_PATH}/Feather.ttf",
				"${TARGET_BUILD_DIR}/${UNLOCALIZED_RESOURCES_FOLDER_PATH}/FontAwesome.ttf",
				"${TARGET_BUILD_DIR}/${UNLOCALIZED_RESOURCES_FOLDER_PATH}/FontAwesome5_Brands.ttf",
				"${TARGET_BUILD_DIR}/${UNLOCALIZED_RESOURCES_FOLDER_PATH}/FontAwesome5_Regular.ttf",
				"${TARGET_BUILD_DIR}/${UNLOCALIZED_RESOURCES_FOLDER_PATH}/FontAwesome5_Solid.ttf",
				"${TARGET_BUILD_DIR}/${UNLOCALIZED_RESOURCES_FOLDER_PATH}/Fontisto.ttf",
				"${TARGET_BUILD_DIR}/${UNLOCALIZED_RESOURCES_FOLDER_PATH}/Foundation.ttf",
				"${TARGET_BUILD_DIR}/${UNLOCALIZED_RESOURCES_FOLDER_PATH}/Ionicons.ttf",
				"${TARGET_BUILD_DIR}/${UNLOCALIZED_RESOURCES_FOLDER_PATH}/MaterialCommunityIcons.ttf",
				"${TARGET_BUILD_DIR}/${UNLOCALIZED_RESOURCES_FOLDER_PATH}/MaterialIcons.ttf",
				"${TARGET_BUILD_DIR}/${UNLOCALIZED_RESOURCES_FOLDER_PATH}/Octicons.ttf",
				"${TARGET_BUILD_DIR}/${UNLOCALIZED_RESOURCES_FOLDER_PATH}/SimpleLineIcons.ttf",
				"${TARGET_BUILD_DIR}/${UNLOCALIZED_RESOURCES_FOLDER_PATH}/Zocial.ttf",
			);
			runOnlyForDeploymentPostprocessing = 0;
			shellPath = /bin/sh;
			shellScript = "\"${PODS_ROOT}/Target Support Files/Pods-Crypterest/Pods-Crypterest-resources.sh\"\n";
			showEnvVarsInLog = 0;
		};
		DF579928C35CDBB18C1F1CB3 /* [CP] Check Pods Manifest.lock */ = {
			isa = PBXShellScriptBuildPhase;
			buildActionMask = 2147483647;
			files = (
			);
			inputFileListPaths = (
			);
			inputPaths = (
				"${PODS_PODFILE_DIR_PATH}/Podfile.lock",
				"${PODS_ROOT}/Manifest.lock",
			);
			name = "[CP] Check Pods Manifest.lock";
			outputFileListPaths = (
			);
			outputPaths = (
				"$(DERIVED_FILE_DIR)/Pods-Crypterest-checkManifestLockResult.txt",
			);
			runOnlyForDeploymentPostprocessing = 0;
			shellPath = /bin/sh;
			shellScript = "diff \"${PODS_PODFILE_DIR_PATH}/Podfile.lock\" \"${PODS_ROOT}/Manifest.lock\" > /dev/null\nif [ $? != 0 ] ; then\n    # print error to STDERR\n    echo \"error: The sandbox is not in sync with the Podfile.lock. Run 'pod install' or update your CocoaPods installation.\" >&2\n    exit 1\nfi\n# This output is used by Xcode 'outputs' to avoid re-running this script phase.\necho \"SUCCESS\" > \"${SCRIPT_OUTPUT_FILE_0}\"\n";
			showEnvVarsInLog = 0;
		};
/* End PBXShellScriptBuildPhase section */

/* Begin PBXSourcesBuildPhase section */
		00E356EA1AD99517003FC87E /* Sources */ = {
			isa = PBXSourcesBuildPhase;
			buildActionMask = 2147483647;
			files = (
				00E356F31AD99517003FC87E /* CrypterestTests.m in Sources */,
			);
			runOnlyForDeploymentPostprocessing = 0;
		};
		13B07F871A680F5B00A75B9A /* Sources */ = {
			isa = PBXSourcesBuildPhase;
			buildActionMask = 2147483647;
			files = (
				335A08222348B419003DC8EC /* RCTBridgeModule.h in Sources */,
				33DCF64F23517B3F00342D08 /* FixLibswiftCoreErrorFile.swift in Sources */,
				33ABA60223486E7100B36305 /* RCTEventDispatcher.h in Sources */,
				13B07FBC1A68108700A75B9A /* AppDelegate.m in Sources */,
				13B07FC11A68108700A75B9A /* main.m in Sources */,
			);
			runOnlyForDeploymentPostprocessing = 0;
		};
/* End PBXSourcesBuildPhase section */

/* Begin PBXTargetDependency section */
		00E356F51AD99517003FC87E /* PBXTargetDependency */ = {
			isa = PBXTargetDependency;
			target = 13B07F861A680F5B00A75B9A /* Crypterest */;
			targetProxy = 00E356F41AD99517003FC87E /* PBXContainerItemProxy */;
		};
/* End PBXTargetDependency section */

/* Begin PBXVariantGroup section */
		13B07FB11A68108700A75B9A /* LaunchScreen.xib */ = {
			isa = PBXVariantGroup;
			children = (
				13B07FB21A68108700A75B9A /* Base */,
			);
			name = LaunchScreen.xib;
			path = Crypterest;
			sourceTree = "<group>";
		};
/* End PBXVariantGroup section */

/* Begin XCBuildConfiguration section */
		00E356F61AD99517003FC87E /* Debug */ = {
			isa = XCBuildConfiguration;
			baseConfigurationReference = 22F286D6A5A7C07761E21A95 /* Pods-CrypterestTests.debug.xcconfig */;
			buildSettings = {
				ALWAYS_EMBED_SWIFT_STANDARD_LIBRARIES = YES;
				BUNDLE_LOADER = "$(TEST_HOST)";
				DEVELOPMENT_TEAM = UB87ZVZL7R;
				GCC_PREPROCESSOR_DEFINITIONS = (
					"DEBUG=1",
					"$(inherited)",
				);
				HEADER_SEARCH_PATHS = (
					"$(inherited)",
					"$(SRCROOT)/../node_modules/react-native-keychain/RNKeychainManager",
					"$(SRCROOT)/../node_modules/react-native-randombytes",
					"$(SRCROOT)/../node_modules/react-native-gesture-handler/ios/**",
					"$(SRCROOT)/../node_modules/react-native-os/ios",
					"$(SRCROOT)/../node_modules/react-native-firebase/ios/RNFirebase/**",
				);
				INFOPLIST_FILE = CrypterestTests/Info.plist;
				IPHONEOS_DEPLOYMENT_TARGET = 9.0;
				LD_RUNPATH_SEARCH_PATHS = "$(inherited) @executable_path/Frameworks @loader_path/Frameworks";
				LIBRARY_SEARCH_PATHS = "$(inherited)";
				OTHER_LDFLAGS = "$(inherited)";
				PRODUCT_BUNDLE_IDENTIFIER = "org.reactjs.native.example.$(PRODUCT_NAME:rfc1034identifier)";
				PRODUCT_NAME = "$(TARGET_NAME)";
				TEST_HOST = "$(BUILT_PRODUCTS_DIR)/Crypterest.app/Crypterest";
				VALID_ARCHS = "$(ARCHS_STANDARD) ";
			};
			name = Debug;
		};
		00E356F71AD99517003FC87E /* Release */ = {
			isa = XCBuildConfiguration;
			baseConfigurationReference = 4A479452043A869742C8B5F2 /* Pods-CrypterestTests.release.xcconfig */;
			buildSettings = {
				ALWAYS_EMBED_SWIFT_STANDARD_LIBRARIES = YES;
				BUNDLE_LOADER = "$(TEST_HOST)";
				COPY_PHASE_STRIP = NO;
				DEVELOPMENT_TEAM = UB87ZVZL7R;
				HEADER_SEARCH_PATHS = (
					"$(inherited)",
					"$(SRCROOT)/../node_modules/react-native-keychain/RNKeychainManager",
					"$(SRCROOT)/../node_modules/react-native-randombytes",
					"$(SRCROOT)/../node_modules/react-native-gesture-handler/ios/**",
					"$(SRCROOT)/../node_modules/react-native-os/ios",
					"$(SRCROOT)/../node_modules/react-native-firebase/ios/RNFirebase/**",
				);
				INFOPLIST_FILE = CrypterestTests/Info.plist;
				IPHONEOS_DEPLOYMENT_TARGET = 9.0;
				LD_RUNPATH_SEARCH_PATHS = "$(inherited) @executable_path/Frameworks @loader_path/Frameworks";
				LIBRARY_SEARCH_PATHS = "$(inherited)";
				OTHER_LDFLAGS = "$(inherited)";
				PRODUCT_BUNDLE_IDENTIFIER = "org.reactjs.native.example.$(PRODUCT_NAME:rfc1034identifier)";
				PRODUCT_NAME = "$(TARGET_NAME)";
				PROVISIONING_PROFILE = "4e9523a0-557d-4470-9e35-8b127b42bd76";
				PROVISIONING_PROFILE_SPECIFIER = "com.swarm.crypterest AppStore 1575346520";
				TEST_HOST = "$(BUILT_PRODUCTS_DIR)/Crypterest.app/Crypterest";
				VALID_ARCHS = "$(ARCHS_STANDARD) ";
			};
			name = Release;
		};
		13B07F941A680F5B00A75B9A /* Debug */ = {
			isa = XCBuildConfiguration;
			baseConfigurationReference = CB08ED280647D8A9594D6B5E /* Pods-Crypterest.debug.xcconfig */;
			buildSettings = {
				ARCHS = "$(ARCHS_STANDARD)";
				ASSETCATALOG_COMPILER_APPICON_NAME = AppIcon;
				CLANG_ENABLE_MODULES = YES;
				CODE_SIGN_ENTITLEMENTS = Crypterest/Crypterest.entitlements;
				CODE_SIGN_IDENTITY = "";
				CODE_SIGN_STYLE = Manual;
				CURRENT_PROJECT_VERSION = 117;
				DEAD_CODE_STRIPPING = NO;
				DEVELOPMENT_TEAM = UB87ZVZL7R;
				FRAMEWORK_SEARCH_PATHS = (
					"$(inherited)",
					"$(PROJECT_DIR)/Pods/GoogleAppMeasurement/Frameworks",
					"$(PROJECT_DIR)/Pods/FirebaseAnalytics/Frameworks",
					"$(PROJECT_DIR)/build/Crypterest/Build/Products/Debug-iphonesimulator/FirebaseCore",
					"$(BUILD_ROOT)/../IntermediateBuildFilesPath/UninstalledProducts/iphoneos",
				);
				GCC_VERSION = "";
				HEADER_SEARCH_PATHS = (
					"$(inherited)",
					"$(BUILD_ROOT)/../IntermediateBuildFilesPath/UninstalledProducts/iphoneos",
				);
				INFOPLIST_FILE = Crypterest/Info.plist;
				LD_RUNPATH_SEARCH_PATHS = "$(inherited) @executable_path/Frameworks";
				LIBRARY_SEARCH_PATHS = (
					"$(inherited)",
					"$(TOOLCHAIN_DIR)/usr/lib/swift/$(PLATFORM_NAME)/**",
					"$(SDKROOT)/usr/lib/swift",
				);
				MARKETING_VERSION = 0.0.1;
				ONLY_ACTIVE_ARCH = YES;
				OTHER_LDFLAGS = "$(inherited)";
				"OTHER_LDFLAGS[arch=*]" = "$(inherited)";
				PRODUCT_BUNDLE_IDENTIFIER = com.swarm.crypterest;
				PRODUCT_NAME = Crypterest;
				PROVISIONING_PROFILE_SPECIFIER = "";
				SWIFT_OPTIMIZATION_LEVEL = "-Onone";
				SWIFT_VERSION = 5.0;
				VERSIONING_SYSTEM = "apple-generic";
			};
			name = Debug;
		};
		13B07F951A680F5B00A75B9A /* Release */ = {
			isa = XCBuildConfiguration;
			baseConfigurationReference = CB794A4DCB385A808FAA3926 /* Pods-Crypterest.release.xcconfig */;
			buildSettings = {
				ARCHS = "$(ARCHS_STANDARD)";
				ASSETCATALOG_COMPILER_APPICON_NAME = AppIcon;
				CLANG_ENABLE_MODULES = YES;
				CODE_SIGN_ENTITLEMENTS = Crypterest/Crypterest.entitlements;
				CODE_SIGN_IDENTITY = "iPhone Distribution";
				CODE_SIGN_STYLE = Manual;
				CURRENT_PROJECT_VERSION = 117;
				DEVELOPMENT_TEAM = UB87ZVZL7R;
				FRAMEWORK_SEARCH_PATHS = (
					"$(inherited)",
					"$(PROJECT_DIR)/Pods/GoogleAppMeasurement/Frameworks",
					"$(PROJECT_DIR)/Pods/FirebaseAnalytics/Frameworks",
					"$(PROJECT_DIR)/build/Crypterest/Build/Products/Debug-iphonesimulator/FirebaseCore",
					"$(BUILD_ROOT)/../IntermediateBuildFilesPath/UninstalledProducts/iphoneos",
				);
				GCC_VERSION = "";
				HEADER_SEARCH_PATHS = (
					"$(inherited)",
					"$(BUILD_ROOT)/../IntermediateBuildFilesPath/UninstalledProducts/iphoneos",
				);
				INFOPLIST_FILE = Crypterest/Info.plist;
				LD_RUNPATH_SEARCH_PATHS = "$(inherited) @executable_path/Frameworks";
				LIBRARY_SEARCH_PATHS = (
					"$(inherited)",
					"$(TOOLCHAIN_DIR)/usr/lib/swift/$(PLATFORM_NAME)/**",
					"$(SDKROOT)/usr/lib/swift",
				);
				MARKETING_VERSION = 0.0.1;
				ONLY_ACTIVE_ARCH = NO;
				OTHER_LDFLAGS = "$(inherited)";
				"OTHER_LDFLAGS[arch=*]" = "$(inherited)";
				PRODUCT_BUNDLE_IDENTIFIER = com.swarm.crypterest;
				PRODUCT_NAME = Crypterest;
				PROVISIONING_PROFILE = "4e9523a0-557d-4470-9e35-8b127b42bd76";
				PROVISIONING_PROFILE_SPECIFIER = "com.swarm.crypterest AppStore 1575346520";
				SWIFT_VERSION = 5.0;
				VERSIONING_SYSTEM = "apple-generic";
			};
			name = Release;
		};
		83CBBA201A601CBA00E9B192 /* Debug */ = {
			isa = XCBuildConfiguration;
			buildSettings = {
				ALWAYS_SEARCH_USER_PATHS = NO;
				CLANG_CXX_LANGUAGE_STANDARD = "gnu++0x";
				CLANG_CXX_LIBRARY = "libc++";
				CLANG_ENABLE_MODULES = YES;
				CLANG_ENABLE_OBJC_ARC = YES;
				CLANG_WARN_BLOCK_CAPTURE_AUTORELEASING = YES;
				CLANG_WARN_BOOL_CONVERSION = YES;
				CLANG_WARN_COMMA = YES;
				CLANG_WARN_CONSTANT_CONVERSION = YES;
				CLANG_WARN_DEPRECATED_OBJC_IMPLEMENTATIONS = YES;
				CLANG_WARN_DIRECT_OBJC_ISA_USAGE = YES_ERROR;
				CLANG_WARN_EMPTY_BODY = YES;
				CLANG_WARN_ENUM_CONVERSION = YES;
				CLANG_WARN_INFINITE_RECURSION = YES;
				CLANG_WARN_INT_CONVERSION = YES;
				CLANG_WARN_NON_LITERAL_NULL_CONVERSION = YES;
				CLANG_WARN_OBJC_IMPLICIT_RETAIN_SELF = YES;
				CLANG_WARN_OBJC_LITERAL_CONVERSION = YES;
				CLANG_WARN_OBJC_ROOT_CLASS = YES_ERROR;
				CLANG_WARN_RANGE_LOOP_ANALYSIS = YES;
				CLANG_WARN_STRICT_PROTOTYPES = YES;
				CLANG_WARN_SUSPICIOUS_MOVE = YES;
				CLANG_WARN_UNREACHABLE_CODE = YES;
				CLANG_WARN__DUPLICATE_METHOD_MATCH = YES;
				"CODE_SIGN_IDENTITY[sdk=iphoneos*]" = "iPhone Developer";
				COPY_PHASE_STRIP = NO;
				ENABLE_STRICT_OBJC_MSGSEND = YES;
				ENABLE_TESTABILITY = YES;
				GCC_C_LANGUAGE_STANDARD = gnu99;
				GCC_DYNAMIC_NO_PIC = NO;
				GCC_NO_COMMON_BLOCKS = YES;
				GCC_OPTIMIZATION_LEVEL = 0;
				GCC_PREPROCESSOR_DEFINITIONS = (
					"DEBUG=1",
					"$(inherited)",
				);
				GCC_SYMBOLS_PRIVATE_EXTERN = NO;
				GCC_WARN_64_TO_32_BIT_CONVERSION = YES;
				GCC_WARN_ABOUT_RETURN_TYPE = YES_ERROR;
				GCC_WARN_UNDECLARED_SELECTOR = YES;
				GCC_WARN_UNINITIALIZED_AUTOS = YES_AGGRESSIVE;
				GCC_WARN_UNUSED_FUNCTION = YES;
				GCC_WARN_UNUSED_VARIABLE = YES;
				IPHONEOS_DEPLOYMENT_TARGET = 12.0;
				MTL_ENABLE_DEBUG_INFO = YES;
				ONLY_ACTIVE_ARCH = YES;
				SDKROOT = iphoneos;
			};
			name = Debug;
		};
		83CBBA211A601CBA00E9B192 /* Release */ = {
			isa = XCBuildConfiguration;
			buildSettings = {
				ALWAYS_SEARCH_USER_PATHS = NO;
				CLANG_CXX_LANGUAGE_STANDARD = "gnu++0x";
				CLANG_CXX_LIBRARY = "libc++";
				CLANG_ENABLE_MODULES = YES;
				CLANG_ENABLE_OBJC_ARC = YES;
				CLANG_WARN_BLOCK_CAPTURE_AUTORELEASING = YES;
				CLANG_WARN_BOOL_CONVERSION = YES;
				CLANG_WARN_COMMA = YES;
				CLANG_WARN_CONSTANT_CONVERSION = YES;
				CLANG_WARN_DEPRECATED_OBJC_IMPLEMENTATIONS = YES;
				CLANG_WARN_DIRECT_OBJC_ISA_USAGE = YES_ERROR;
				CLANG_WARN_EMPTY_BODY = YES;
				CLANG_WARN_ENUM_CONVERSION = YES;
				CLANG_WARN_INFINITE_RECURSION = YES;
				CLANG_WARN_INT_CONVERSION = YES;
				CLANG_WARN_NON_LITERAL_NULL_CONVERSION = YES;
				CLANG_WARN_OBJC_IMPLICIT_RETAIN_SELF = YES;
				CLANG_WARN_OBJC_LITERAL_CONVERSION = YES;
				CLANG_WARN_OBJC_ROOT_CLASS = YES_ERROR;
				CLANG_WARN_RANGE_LOOP_ANALYSIS = YES;
				CLANG_WARN_STRICT_PROTOTYPES = YES;
				CLANG_WARN_SUSPICIOUS_MOVE = YES;
				CLANG_WARN_UNREACHABLE_CODE = YES;
				CLANG_WARN__DUPLICATE_METHOD_MATCH = YES;
				"CODE_SIGN_IDENTITY[sdk=iphoneos*]" = "iPhone Developer";
				COPY_PHASE_STRIP = YES;
				ENABLE_NS_ASSERTIONS = NO;
				ENABLE_STRICT_OBJC_MSGSEND = YES;
				GCC_C_LANGUAGE_STANDARD = gnu99;
				GCC_NO_COMMON_BLOCKS = YES;
				GCC_WARN_64_TO_32_BIT_CONVERSION = YES;
				GCC_WARN_ABOUT_RETURN_TYPE = YES_ERROR;
				GCC_WARN_UNDECLARED_SELECTOR = YES;
				GCC_WARN_UNINITIALIZED_AUTOS = YES_AGGRESSIVE;
				GCC_WARN_UNUSED_FUNCTION = YES;
				GCC_WARN_UNUSED_VARIABLE = YES;
				IPHONEOS_DEPLOYMENT_TARGET = 12.0;
				MTL_ENABLE_DEBUG_INFO = NO;
				ONLY_ACTIVE_ARCH = YES;
				SDKROOT = iphoneos;
				VALIDATE_PRODUCT = YES;
			};
			name = Release;
		};
/* End XCBuildConfiguration section */

/* Begin XCConfigurationList section */
		00E357021AD99517003FC87E /* Build configuration list for PBXNativeTarget "CrypterestTests" */ = {
			isa = XCConfigurationList;
			buildConfigurations = (
				00E356F61AD99517003FC87E /* Debug */,
				00E356F71AD99517003FC87E /* Release */,
			);
			defaultConfigurationIsVisible = 0;
			defaultConfigurationName = Debug;
		};
		13B07F931A680F5B00A75B9A /* Build configuration list for PBXNativeTarget "Crypterest" */ = {
			isa = XCConfigurationList;
			buildConfigurations = (
				13B07F941A680F5B00A75B9A /* Debug */,
				13B07F951A680F5B00A75B9A /* Release */,
			);
			defaultConfigurationIsVisible = 0;
			defaultConfigurationName = Debug;
		};
		83CBB9FA1A601CBA00E9B192 /* Build configuration list for PBXProject "Crypterest" */ = {
			isa = XCConfigurationList;
			buildConfigurations = (
				83CBBA201A601CBA00E9B192 /* Debug */,
				83CBBA211A601CBA00E9B192 /* Release */,
			);
			defaultConfigurationIsVisible = 0;
			defaultConfigurationName = Debug;
		};
/* End XCConfigurationList section */
	};
	rootObject = 83CBB9F71A601CBA00E9B192 /* Project object */;
}
